// !$*UTF8*$!
{
	archiveVersion = 1;
	classes = {
	};
	objectVersion = 46;
	objects = {

/* Begin PBXBuildFile section */
		BD84A3531D9BBDF500FB339E /* AppDelegate.swift in Sources */ = {isa = PBXBuildFile; fileRef = BD84A3521D9BBDF500FB339E /* AppDelegate.swift */; };
		BD84A3551D9BBDF500FB339E /* ViewController.swift in Sources */ = {isa = PBXBuildFile; fileRef = BD84A3541D9BBDF500FB339E /* ViewController.swift */; };
		BD84A3581D9BBDF500FB339E /* Main.storyboard in Resources */ = {isa = PBXBuildFile; fileRef = BD84A3561D9BBDF500FB339E /* Main.storyboard */; };
		BD84A35A1D9BBDF500FB339E /* Assets.xcassets in Resources */ = {isa = PBXBuildFile; fileRef = BD84A3591D9BBDF500FB339E /* Assets.xcassets */; };
		BD84A35D1D9BBDF500FB339E /* LaunchScreen.storyboard in Resources */ = {isa = PBXBuildFile; fileRef = BD84A35B1D9BBDF500FB339E /* LaunchScreen.storyboard */; };
/* End PBXBuildFile section */

/* Begin PBXFileReference section */
		BD84A34F1D9BBDF500FB339E /* FirebaseNotofications.app */ = {isa = PBXFileReference; explicitFileType = wrapper.application; includeInIndex = 0; path = FirebaseNotofications.app; sourceTree = BUILT_PRODUCTS_DIR; };
		BD84A3521D9BBDF500FB339E /* AppDelegate.swift */ = {isa = PBXFileReference; lastKnownFileType = sourcecode.swift; path = AppDelegate.swift; sourceTree = "<group>"; };
		BD84A3541D9BBDF500FB339E /* ViewController.swift */ = {isa = PBXFileReference; lastKnownFileType = sourcecode.swift; path = ViewController.swift; sourceTree = "<group>"; };
		BD84A3571D9BBDF500FB339E /* Base */ = {isa = PBXFileReference; lastKnownFileType = file.storyboard; name = Base; path = Base.lproj/Main.storyboard; sourceTree = "<group>"; };
		BD84A3591D9BBDF500FB339E /* Assets.xcassets */ = {isa = PBXFileReference; lastKnownFileType = folder.assetcatalog; path = Assets.xcassets; sourceTree = "<group>"; };
		BD84A35C1D9BBDF500FB339E /* Base */ = {isa = PBXFileReference; lastKnownFileType = file.storyboard; name = Base; path = Base.lproj/LaunchScreen.storyboard; sourceTree = "<group>"; };
		BD84A35E1D9BBDF500FB339E /* Info.plist */ = {isa = PBXFileReference; lastKnownFileType = text.plist.xml; path = Info.plist; sourceTree = "<group>"; };
/* End PBXFileReference section */

/* Begin PBXFrameworksBuildPhase section */
		BD84A34C1D9BBDF500FB339E /* Frameworks */ = {
			isa = PBXFrameworksBuildPhase;
			buildActionMask = 2147483647;
			files = (
			);
			runOnlyForDeploymentPostprocessing = 0;
		};
/* End PBXFrameworksBuildPhase section */

/* Begin PBXGroup section */
		BD84A3461D9BBDF500FB339E = {
			isa = PBXGroup;
			children = (
				BD84A3511D9BBDF500FB339E /* FirebaseNotofications */,
				BD84A3501D9BBDF500FB339E /* Products */,
			);
			sourceTree = "<group>";
		};
		BD84A3501D9BBDF500FB339E /* Products */ = {
			isa = PBXGroup;
			children = (
				BD84A34F1D9BBDF500FB339E /* FirebaseNotofications.app */,
			);
			name = Products;
			sourceTree = "<group>";
		};
		BD84A3511D9BBDF500FB339E /* FirebaseNotofications */ = {
			isa = PBXGroup;
			children = (
				BD84A3521D9BBDF500FB339E /* AppDelegate.swift */,
				BD84A3541D9BBDF500FB339E /* ViewController.swift */,
				BD84A3561D9BBDF500FB339E /* Main.storyboard */,
				BD84A3591D9BBDF500FB339E /* Assets.xcassets */,
				BD84A35B1D9BBDF500FB339E /* LaunchScreen.storyboard */,
				BD84A35E1D9BBDF500FB339E /* Info.plist */,
			);
			path = FirebaseNotofications;
			sourceTree = "<group>";
		};
/* End PBXGroup section */

/* Begin PBXNativeTarget section */
		BD84A34E1D9BBDF500FB339E /* FirebaseNotofications */ = {
			isa = PBXNativeTarget;
			buildConfigurationList = BD84A3611D9BBDF500FB339E /* Build configuration list for PBXNativeTarget "FirebaseNotofications" */;
			buildPhases = (
				BD84A34B1D9BBDF500FB339E /* Sources */,
				BD84A34C1D9BBDF500FB339E /* Frameworks */,
				BD84A34D1D9BBDF500FB339E /* Resources */,
			);
			buildRules = (
			);
			dependencies = (
			);
			name = FirebaseNotofications;
			productName = FirebaseNotofications;
			productReference = BD84A34F1D9BBDF500FB339E /* FirebaseNotofications.app */;
			productType = "com.apple.product-type.application";
		};
/* End PBXNativeTarget section */

/* Begin PBXProject section */
		BD84A3471D9BBDF500FB339E /* Project object */ = {
			isa = PBXProject;
			attributes = {
				LastSwiftUpdateCheck = 0810;
				LastUpgradeCheck = 0810;
				ORGANIZATIONNAME = "Vadim Koppe";
				TargetAttributes = {
					BD84A34E1D9BBDF500FB339E = {
						CreatedOnToolsVersion = 8.1;
						DevelopmentTeam = 7JK729JZ89;
						ProvisioningStyle = Automatic;
					};
				};
			};
			buildConfigurationList = BD84A34A1D9BBDF500FB339E /* Build configuration list for PBXProject "FirebaseNotofications" */;
			compatibilityVersion = "Xcode 3.2";
			developmentRegion = English;
			hasScannedForEncodings = 0;
			knownRegions = (
				en,
				Base,
			);
			mainGroup = BD84A3461D9BBDF500FB339E;
			productRefGroup = BD84A3501D9BBDF500FB339E /* Products */;
			projectDirPath = "";
			projectRoot = "";
			targets = (
				BD84A34E1D9BBDF500FB339E /* FirebaseNotofications */,
			);
		};
/* End PBXProject section */

/* Begin PBXResourcesBuildPhase section */
		BD84A34D1D9BBDF500FB339E /* Resources */ = {
			isa = PBXResourcesBuildPhase;
			buildActionMask = 2147483647;
			files = (
				BD84A35D1D9BBDF500FB339E /* LaunchScreen.storyboard in Resources */,
				BD84A35A1D9BBDF500FB339E /* Assets.xcassets in Resources */,
				BD84A3581D9BBDF500FB339E /* Main.storyboard in Resources */,
			);
			runOnlyForDeploymentPostprocessing = 0;
		};
/* End PBXResourcesBuildPhase section */

/* Begin PBXSourcesBuildPhase section */
		BD84A34B1D9BBDF500FB339E /* Sources */ = {
			isa = PBXSourcesBuildPhase;
			buildActionMask = 2147483647;
			files = (
				BD84A3551D9BBDF500FB339E /* ViewController.swift in Sources */,
				BD84A3531D9BBDF500FB339E /* AppDelegate.swift in Sources */,
			);
			runOnlyForDeploymentPostprocessing = 0;
		};
/* End PBXSourcesBuildPhase section */

/* Begin PBXVariantGroup section */
		BD84A3561D9BBDF500FB339E /* Main.storyboard */ = {
			isa = PBXVariantGroup;
			children = (
				BD84A3571D9BBDF500FB339E /* Base */,
			);
			name = Main.storyboard;
			sourceTree = "<group>";
		};
		BD84A35B1D9BBDF500FB339E /* LaunchScreen.storyboard */ = {
			isa = PBXVariantGroup;
			children = (
				BD84A35C1D9BBDF500FB339E /* Base */,
			);
			name = LaunchScreen.storyboard;
			sourceTree = "<group>";
		};
/* End PBXVariantGroup section */

/* Begin XCBuildConfiguration section */
		BD84A35F1D9BBDF500FB339E /* Debug */ = {
			isa = XCBuildConfiguration;
			buildSettings = {
				ALWAYS_SEARCH_USER_PATHS = NO;
				CLANG_ANALYZER_NONNULL = YES;
				CLANG_CXX_LANGUAGE_STANDARD = "gnu++0x";
				CLANG_CXX_LIBRARY = "libc++";
				CLANG_ENABLE_MODULES = YES;
				CLANG_ENABLE_OBJC_ARC = YES;
				CLANG_WARN_BOOL_CONVERSION = YES;
				CLANG_WARN_CONSTANT_CONVERSION = YES;
				CLANG_WARN_DIRECT_OBJC_ISA_USAGE = YES_ERROR;
				CLANG_WARN_DOCUMENTATION_COMMENTS = YES;
				CLANG_WARN_EMPTY_BODY = YES;
				CLANG_WARN_ENUM_CONVERSION = YES;
				CLANG_WARN_INFINITE_RECURSION = YES;
				CLANG_WARN_INT_CONVERSION = YES;
				CLANG_WARN_OBJC_ROOT_CLASS = YES_ERROR;
				CLANG_WARN_SUSPICIOUS_MOVES = YES;
				CLANG_WARN_UNREACHABLE_CODE = YES;
				CLANG_WARN__DUPLICATE_METHOD_MATCH = YES;
				"CODE_SIGN_IDENTITY[sdk=iphoneos*]" = "iPhone Developer";
				COPY_PHASE_STRIP = NO;
				DEBUG_INFORMATION_FORMAT = dwarf;
				ENABLE_STRICT_OBJC_MSGSEND = YES;
				ENABLE_TESTABILITY = YES;
				GCC_C_LANGUAGE_STANDARD = gnu99;
				GCC_DYNAMIC_NO_PIC = NO;
				GCC_NO_COMMON_BLOCKS = YES;
				GCC_OPTIMIZATION_LEVEL = 0;
				GCC_PREPROCESSOR_DEFINITIONS = (
					"DEBUG=1",
					"$(inherited)",
				);
				GCC_WARN_64_TO_32_BIT_CONVERSION = YES;
				GCC_WARN_ABOUT_RETURN_TYPE = YES_ERROR;
				GCC_WARN_UNDECLARED_SELECTOR = YES;
				GCC_WARN_UNINITIALIZED_AUTOS = YES_AGGRESSIVE;
				GCC_WARN_UNUSED_FUNCTION = YES;
				GCC_WARN_UNUSED_VARIABLE = YES;
				IPHONEOS_DEPLOYMENT_TARGET = 10.1;
				MTL_ENABLE_DEBUG_INFO = YES;
				ONLY_ACTIVE_ARCH = YES;
				SDKROOT = iphoneos;
				SWIFT_ACTIVE_COMPILATION_CONDITIONS = DEBUG;
				SWIFT_OPTIMIZATION_LEVEL = "-Onone";
				TARGETED_DEVICE_FAMILY = "1,2";
			};
			name = Debug;
		};
		BD84A3601D9BBDF500FB339E /* Release */ = {
			isa = XCBuildConfiguration;
			buildSettings = {
				ALWAYS_SEARCH_USER_PATHS = NO;
				CLANG_ANALYZER_NONNULL = YES;
				CLANG_CXX_LANGUAGE_STANDARD = "gnu++0x";
				CLANG_CXX_LIBRARY = "libc++";
				CLANG_ENABLE_MODULES = YES;
				CLANG_ENABLE_OBJC_ARC = YES;
				CLANG_WARN_BOOL_CONVERSION = YES;
				CLANG_WARN_CONSTANT_CONVERSION = YES;
				CLANG_WARN_DIRECT_OBJC_ISA_USAGE = YES_ERROR;
				CLANG_WARN_DOCUMENTATION_COMMENTS = YES;
				CLANG_WARN_EMPTY_BODY = YES;
				CLANG_WARN_ENUM_CONVERSION = YES;
				CLANG_WARN_INFINITE_RECURSION = YES;
				CLANG_WARN_INT_CONVERSION = YES;
				CLANG_WARN_OBJC_ROOT_CLASS = YES_ERROR;
				CLANG_WARN_SUSPICIOUS_MOVES = YES;
				CLANG_WARN_UNREACHABLE_CODE = YES;
				CLANG_WARN__DUPLICATE_METHOD_MATCH = YES;
				"CODE_SIGN_IDENTITY[sdk=iphoneos*]" = "iPhone Developer";
				COPY_PHASE_STRIP = NO;
				DEBUG_INFORMATION_FORMAT = "dwarf-with-dsym";
				ENABLE_NS_ASSERTIONS = NO;
				ENABLE_STRICT_OBJC_MSGSEND = YES;
				GCC_C_LANGUAGE_STANDARD = gnu99;
				GCC_NO_COMMON_BLOCKS = YES;
				GCC_WARN_64_TO_32_BIT_CONVERSION = YES;
				GCC_WARN_ABOUT_RETURN_TYPE = YES_ERROR;
				GCC_WARN_UNDECLARED_SELECTOR = YES;
				GCC_WARN_UNINITIALIZED_AUTOS = YES_AGGRESSIVE;
				GCC_WARN_UNUSED_FUNCTION = YES;
				GCC_WARN_UNUSED_VARIABLE = YES;
				IPHONEOS_DEPLOYMENT_TARGET = 10.1;
				MTL_ENABLE_DEBUG_INFO = NO;
				SDKROOT = iphoneos;
				SWIFT_OPTIMIZATION_LEVEL = "-Owholemodule";
				TARGETED_DEVICE_FAMILY = "1,2";
				VALIDATE_PRODUCT = YES;
			};
			name = Release;
		};
		BD84A3621D9BBDF500FB339E /* Debug */ = {
			isa = XCBuildConfiguration;
			buildSettings = {
				ASSETCATALOG_COMPILER_APPICON_NAME = AppIcon;
				DEVELOPMENT_TEAM = 7JK729JZ89;
				INFOPLIST_FILE = FirebaseNotofications/Info.plist;
				LD_RUNPATH_SEARCH_PATHS = "$(inherited) @executable_path/Frameworks";
				PRODUCT_BUNDLE_IDENTIFIER = com.akovana.FirebaseNotofications;
				PRODUCT_NAME = "$(TARGET_NAME)";
				SWIFT_VERSION = 3.0;
			};
			name = Debug;
		};
		BD84A3631D9BBDF500FB339E /* Release */ = {
			isa = XCBuildConfiguration;
			buildSettings = {
				ASSETCATALOG_COMPILER_APPICON_NAME = AppIcon;
				DEVELOPMENT_TEAM = 7JK729JZ89;
				INFOPLIST_FILE = FirebaseNotofications/Info.plist;
				LD_RUNPATH_SEARCH_PATHS = "$(inherited) @executable_path/Frameworks";
				PRODUCT_BUNDLE_IDENTIFIER = com.akovana.FirebaseNotofications;
				PRODUCT_NAME = "$(TARGET_NAME)";
				SWIFT_VERSION = 3.0;
			};
			name = Release;
		};
/* End XCBuildConfiguration section */

/* Begin XCConfigurationList section */
		BD84A34A1D9BBDF500FB339E /* Build configuration list for PBXProject "FirebaseNotofications" */ = {
			isa = XCConfigurationList;
			buildConfigurations = (
				BD84A35F1D9BBDF500FB339E /* Debug */,
				BD84A3601D9BBDF500FB339E /* Release */,
			);
			defaultConfigurationIsVisible = 0;
			defaultConfigurationName = Release;
		};
		BD84A3611D9BBDF500FB339E /* Build configuration list for PBXNativeTarget "FirebaseNotofications" */ = {
			isa = XCConfigurationList;
			buildConfigurations = (
				BD84A3621D9BBDF500FB339E /* Debug */,
				BD84A3631D9BBDF500FB339E /* Release */,
			);
			defaultConfigurationIsVisible = 0;
		};
/* End XCConfigurationList section */
	};
	rootObject = BD84A3471D9BBDF500FB339E /* Project object */;
}
